// !$*UTF8*$!
{
	archiveVersion = 1;
	classes = {
	};
	objectVersion = 77;
	objects = {

/* Begin PBXBuildFile section */
		85CCCC3B2D7F053A00ACD3AC /* EFM.framework in Frameworks */ = {isa = PBXBuildFile; fileRef = 85D3E8FD2D7ECCE500717BF2 /* EFM.framework */; platformFilter = ios; };
		85D3E9062D7ECCE500717BF2 /* EFM.framework in Frameworks */ = {isa = PBXBuildFile; fileRef = 85D3E8FD2D7ECCE500717BF2 /* EFM.framework */; };
		85D3E9D72D7EFAD400717BF2 /* EFMiOS.framework in Frameworks */ = {isa = PBXBuildFile; fileRef = 85D3E9CF2D7EFAD300717BF2 /* EFMiOS.framework */; };
/* End PBXBuildFile section */

/* Begin PBXContainerItemProxy section */
		85CCCC3D2D7F053A00ACD3AC /* PBXContainerItemProxy */ = {
			isa = PBXContainerItemProxy;
			containerPortal = 85D3E8F42D7ECCE500717BF2 /* Project object */;
			proxyType = 1;
			remoteGlobalIDString = 85D3E8FC2D7ECCE500717BF2;
			remoteInfo = EFM;
		};
		85D3E9072D7ECCE500717BF2 /* PBXContainerItemProxy */ = {
			isa = PBXContainerItemProxy;
			containerPortal = 85D3E8F42D7ECCE500717BF2 /* Project object */;
			proxyType = 1;
			remoteGlobalIDString = 85D3E8FC2D7ECCE500717BF2;
			remoteInfo = EFM;
		};
		85D3E9D82D7EFAD400717BF2 /* PBXContainerItemProxy */ = {
			isa = PBXContainerItemProxy;
			containerPortal = 85D3E8F42D7ECCE500717BF2 /* Project object */;
			proxyType = 1;
			remoteGlobalIDString = 85D3E9CE2D7EFAD300717BF2;
			remoteInfo = EFMiOS;
		};
/* End PBXContainerItemProxy section */

/* Begin PBXCopyFilesBuildPhase section */
		85CCCC3F2D7F053A00ACD3AC /* Embed Frameworks */ = {
			isa = PBXCopyFilesBuildPhase;
			buildActionMask = 2147483647;
			dstPath = "";
			dstSubfolderSpec = 10;
			files = (
			);
			name = "Embed Frameworks";
			runOnlyForDeploymentPostprocessing = 0;
		};
/* End PBXCopyFilesBuildPhase section */

/* Begin PBXFileReference section */
		85D3E8FD2D7ECCE500717BF2 /* EFM.framework */ = {isa = PBXFileReference; explicitFileType = wrapper.framework; includeInIndex = 0; path = EFM.framework; sourceTree = BUILT_PRODUCTS_DIR; };
		85D3E9052D7ECCE500717BF2 /* EFMTests.xctest */ = {isa = PBXFileReference; explicitFileType = wrapper.cfbundle; includeInIndex = 0; path = EFMTests.xctest; sourceTree = BUILT_PRODUCTS_DIR; };
		85D3E9CF2D7EFAD300717BF2 /* EFMiOS.framework */ = {isa = PBXFileReference; explicitFileType = wrapper.framework; includeInIndex = 0; path = EFMiOS.framework; sourceTree = BUILT_PRODUCTS_DIR; };
		85D3E9D62D7EFAD400717BF2 /* EFMiOSTests.xctest */ = {isa = PBXFileReference; explicitFileType = wrapper.cfbundle; includeInIndex = 0; path = EFMiOSTests.xctest; sourceTree = BUILT_PRODUCTS_DIR; };
/* End PBXFileReference section */

/* Begin PBXFileSystemSynchronizedRootGroup section */
		85D3E8FF2D7ECCE500717BF2 /* EFM */ = {
			isa = PBXFileSystemSynchronizedRootGroup;
			path = EFM;
			sourceTree = "<group>";
		};
		85D3E9092D7ECCE500717BF2 /* EFMTests */ = {
			isa = PBXFileSystemSynchronizedRootGroup;
			path = EFMTests;
			sourceTree = "<group>";
		};
		85D3E9D02D7EFAD300717BF2 /* EFMiOS */ = {
			isa = PBXFileSystemSynchronizedRootGroup;
			path = EFMiOS;
			sourceTree = "<group>";
		};
		85D3E9DA2D7EFAD400717BF2 /* EFMiOSTests */ = {
			isa = PBXFileSystemSynchronizedRootGroup;
			path = EFMiOSTests;
			sourceTree = "<group>";
		};
/* End PBXFileSystemSynchronizedRootGroup section */

/* Begin PBXFrameworksBuildPhase section */
		85D3E8FA2D7ECCE500717BF2 /* Frameworks */ = {
			isa = PBXFrameworksBuildPhase;
			buildActionMask = 2147483647;
			files = (
			);
			runOnlyForDeploymentPostprocessing = 0;
		};
		85D3E9022D7ECCE500717BF2 /* Frameworks */ = {
			isa = PBXFrameworksBuildPhase;
			buildActionMask = 2147483647;
			files = (
				85D3E9062D7ECCE500717BF2 /* EFM.framework in Frameworks */,
			);
			runOnlyForDeploymentPostprocessing = 0;
		};
		85D3E9CC2D7EFAD300717BF2 /* Frameworks */ = {
			isa = PBXFrameworksBuildPhase;
			buildActionMask = 2147483647;
			files = (
				85CCCC3B2D7F053A00ACD3AC /* EFM.framework in Frameworks */,
			);
			runOnlyForDeploymentPostprocessing = 0;
		};
		85D3E9D32D7EFAD400717BF2 /* Frameworks */ = {
			isa = PBXFrameworksBuildPhase;
			buildActionMask = 2147483647;
			files = (
				85D3E9D72D7EFAD400717BF2 /* EFMiOS.framework in Frameworks */,
			);
			runOnlyForDeploymentPostprocessing = 0;
		};
/* End PBXFrameworksBuildPhase section */

/* Begin PBXGroup section */
		85D3E8F32D7ECCE500717BF2 = {
			isa = PBXGroup;
			children = (
				85D3E8FF2D7ECCE500717BF2 /* EFM */,
				85D3E9092D7ECCE500717BF2 /* EFMTests */,
				85D3E9D02D7EFAD300717BF2 /* EFMiOS */,
				85D3E9DA2D7EFAD400717BF2 /* EFMiOSTests */,
				85D3E9F22D7EFC6A00717BF2 /* Frameworks */,
				85D3E8FE2D7ECCE500717BF2 /* Products */,
			);
			sourceTree = "<group>";
		};
		85D3E8FE2D7ECCE500717BF2 /* Products */ = {
			isa = PBXGroup;
			children = (
				85D3E8FD2D7ECCE500717BF2 /* EFM.framework */,
				85D3E9052D7ECCE500717BF2 /* EFMTests.xctest */,
				85D3E9CF2D7EFAD300717BF2 /* EFMiOS.framework */,
				85D3E9D62D7EFAD400717BF2 /* EFMiOSTests.xctest */,
			);
			name = Products;
			sourceTree = "<group>";
		};
		85D3E9F22D7EFC6A00717BF2 /* Frameworks */ = {
			isa = PBXGroup;
			children = (
			);
			name = Frameworks;
			sourceTree = "<group>";
		};
/* End PBXGroup section */

/* Begin PBXHeadersBuildPhase section */
		85D3E8F82D7ECCE500717BF2 /* Headers */ = {
			isa = PBXHeadersBuildPhase;
			buildActionMask = 2147483647;
			files = (
			);
			runOnlyForDeploymentPostprocessing = 0;
		};
		85D3E9CA2D7EFAD300717BF2 /* Headers */ = {
			isa = PBXHeadersBuildPhase;
			buildActionMask = 2147483647;
			files = (
			);
			runOnlyForDeploymentPostprocessing = 0;
		};
/* End PBXHeadersBuildPhase section */

/* Begin PBXNativeTarget section */
		85D3E8FC2D7ECCE500717BF2 /* EFM */ = {
			isa = PBXNativeTarget;
			buildConfigurationList = 85D3E90E2D7ECCE500717BF2 /* Build configuration list for PBXNativeTarget "EFM" */;
			buildPhases = (
				85D3E8F82D7ECCE500717BF2 /* Headers */,
				85D3E8F92D7ECCE500717BF2 /* Sources */,
				85D3E8FA2D7ECCE500717BF2 /* Frameworks */,
				85D3E8FB2D7ECCE500717BF2 /* Resources */,
			);
			buildRules = (
			);
			dependencies = (
			);
			fileSystemSynchronizedGroups = (
				85D3E8FF2D7ECCE500717BF2 /* EFM */,
			);
			name = EFM;
			packageProductDependencies = (
			);
			productName = EFM;
			productReference = 85D3E8FD2D7ECCE500717BF2 /* EFM.framework */;
			productType = "com.apple.product-type.framework";
		};
		85D3E9042D7ECCE500717BF2 /* EFMTests */ = {
			isa = PBXNativeTarget;
			buildConfigurationList = 85D3E9132D7ECCE500717BF2 /* Build configuration list for PBXNativeTarget "EFMTests" */;
			buildPhases = (
				85D3E9012D7ECCE500717BF2 /* Sources */,
				85D3E9022D7ECCE500717BF2 /* Frameworks */,
				85D3E9032D7ECCE500717BF2 /* Resources */,
			);
			buildRules = (
			);
			dependencies = (
				85D3E9082D7ECCE500717BF2 /* PBXTargetDependency */,
			);
			fileSystemSynchronizedGroups = (
				85D3E9092D7ECCE500717BF2 /* EFMTests */,
			);
			name = EFMTests;
			packageProductDependencies = (
			);
			productName = EFMTests;
			productReference = 85D3E9052D7ECCE500717BF2 /* EFMTests.xctest */;
			productType = "com.apple.product-type.bundle.unit-test";
		};
		85D3E9CE2D7EFAD300717BF2 /* EFMiOS */ = {
			isa = PBXNativeTarget;
			buildConfigurationList = 85D3E9DF2D7EFAD400717BF2 /* Build configuration list for PBXNativeTarget "EFMiOS" */;
			buildPhases = (
				85D3E9CA2D7EFAD300717BF2 /* Headers */,
				85D3E9CB2D7EFAD300717BF2 /* Sources */,
				85D3E9CC2D7EFAD300717BF2 /* Frameworks */,
				85D3E9CD2D7EFAD300717BF2 /* Resources */,
				85CCCC3F2D7F053A00ACD3AC /* Embed Frameworks */,
			);
			buildRules = (
			);
			dependencies = (
				85CCCC3E2D7F053A00ACD3AC /* PBXTargetDependency */,
			);
			fileSystemSynchronizedGroups = (
				85D3E9D02D7EFAD300717BF2 /* EFMiOS */,
			);
			name = EFMiOS;
			packageProductDependencies = (
			);
			productName = EFMiOS;
			productReference = 85D3E9CF2D7EFAD300717BF2 /* EFMiOS.framework */;
			productType = "com.apple.product-type.framework";
		};
		85D3E9D52D7EFAD400717BF2 /* EFMiOSTests */ = {
			isa = PBXNativeTarget;
			buildConfigurationList = 85D3E9E22D7EFAD400717BF2 /* Build configuration list for PBXNativeTarget "EFMiOSTests" */;
			buildPhases = (
				85D3E9D22D7EFAD400717BF2 /* Sources */,
				85D3E9D32D7EFAD400717BF2 /* Frameworks */,
				85D3E9D42D7EFAD400717BF2 /* Resources */,
			);
			buildRules = (
			);
			dependencies = (
				85D3E9D92D7EFAD400717BF2 /* PBXTargetDependency */,
			);
			fileSystemSynchronizedGroups = (
				85D3E9DA2D7EFAD400717BF2 /* EFMiOSTests */,
			);
			name = EFMiOSTests;
			packageProductDependencies = (
			);
			productName = EFMiOSTests;
			productReference = 85D3E9D62D7EFAD400717BF2 /* EFMiOSTests.xctest */;
			productType = "com.apple.product-type.bundle.unit-test";
		};
/* End PBXNativeTarget section */

/* Begin PBXProject section */
		85D3E8F42D7ECCE500717BF2 /* Project object */ = {
			isa = PBXProject;
			attributes = {
				BuildIndependentTargetsInParallel = 1;
				LastSwiftUpdateCheck = 1620;
				LastUpgradeCheck = 1620;
				TargetAttributes = {
					85D3E8FC2D7ECCE500717BF2 = {
						CreatedOnToolsVersion = 16.2;
						LastSwiftMigration = 1620;
					};
					85D3E9042D7ECCE500717BF2 = {
						CreatedOnToolsVersion = 16.2;
						LastSwiftMigration = 1620;
					};
					85D3E9CE2D7EFAD300717BF2 = {
						CreatedOnToolsVersion = 16.2;
						LastSwiftMigration = 1620;
					};
					85D3E9D52D7EFAD400717BF2 = {
						CreatedOnToolsVersion = 16.2;
						LastSwiftMigration = 1620;
					};
				};
			};
			buildConfigurationList = 85D3E8F72D7ECCE500717BF2 /* Build configuration list for PBXProject "EFM" */;
			developmentRegion = en;
			hasScannedForEncodings = 0;
			knownRegions = (
				en,
				Base,
				el,
				"pt-PT",
			);
			mainGroup = 85D3E8F32D7ECCE500717BF2;
			minimizedProjectReferenceProxies = 1;
			preferredProjectObjectVersion = 77;
			productRefGroup = 85D3E8FE2D7ECCE500717BF2 /* Products */;
			projectDirPath = "";
			projectRoot = "";
			targets = (
				85D3E8FC2D7ECCE500717BF2 /* EFM */,
				85D3E9042D7ECCE500717BF2 /* EFMTests */,
				85D3E9CE2D7EFAD300717BF2 /* EFMiOS */,
				85D3E9D52D7EFAD400717BF2 /* EFMiOSTests */,
			);
		};
/* End PBXProject section */

/* Begin PBXResourcesBuildPhase section */
		85D3E8FB2D7ECCE500717BF2 /* Resources */ = {
			isa = PBXResourcesBuildPhase;
			buildActionMask = 2147483647;
			files = (
			);
			runOnlyForDeploymentPostprocessing = 0;
		};
		85D3E9032D7ECCE500717BF2 /* Resources */ = {
			isa = PBXResourcesBuildPhase;
			buildActionMask = 2147483647;
			files = (
			);
			runOnlyForDeploymentPostprocessing = 0;
		};
		85D3E9CD2D7EFAD300717BF2 /* Resources */ = {
			isa = PBXResourcesBuildPhase;
			buildActionMask = 2147483647;
			files = (
			);
			runOnlyForDeploymentPostprocessing = 0;
		};
		85D3E9D42D7EFAD400717BF2 /* Resources */ = {
			isa = PBXResourcesBuildPhase;
			buildActionMask = 2147483647;
			files = (
			);
			runOnlyForDeploymentPostprocessing = 0;
		};
/* End PBXResourcesBuildPhase section */

/* Begin PBXSourcesBuildPhase section */
		85D3E8F92D7ECCE500717BF2 /* Sources */ = {
			isa = PBXSourcesBuildPhase;
			buildActionMask = 2147483647;
			files = (
			);
			runOnlyForDeploymentPostprocessing = 0;
		};
		85D3E9012D7ECCE500717BF2 /* Sources */ = {
			isa = PBXSourcesBuildPhase;
			buildActionMask = 2147483647;
			files = (
			);
			runOnlyForDeploymentPostprocessing = 0;
		};
		85D3E9CB2D7EFAD300717BF2 /* Sources */ = {
			isa = PBXSourcesBuildPhase;
			buildActionMask = 2147483647;
			files = (
			);
			runOnlyForDeploymentPostprocessing = 0;
		};
		85D3E9D22D7EFAD400717BF2 /* Sources */ = {
			isa = PBXSourcesBuildPhase;
			buildActionMask = 2147483647;
			files = (
			);
			runOnlyForDeploymentPostprocessing = 0;
		};
/* End PBXSourcesBuildPhase section */

/* Begin PBXTargetDependency section */
		85CCCC3E2D7F053A00ACD3AC /* PBXTargetDependency */ = {
			isa = PBXTargetDependency;
			platformFilter = ios;
			target = 85D3E8FC2D7ECCE500717BF2 /* EFM */;
			targetProxy = 85CCCC3D2D7F053A00ACD3AC /* PBXContainerItemProxy */;
		};
		85D3E9082D7ECCE500717BF2 /* PBXTargetDependency */ = {
			isa = PBXTargetDependency;
			target = 85D3E8FC2D7ECCE500717BF2 /* EFM */;
			targetProxy = 85D3E9072D7ECCE500717BF2 /* PBXContainerItemProxy */;
		};
		85D3E9D92D7EFAD400717BF2 /* PBXTargetDependency */ = {
			isa = PBXTargetDependency;
			target = 85D3E9CE2D7EFAD300717BF2 /* EFMiOS */;
			targetProxy = 85D3E9D82D7EFAD400717BF2 /* PBXContainerItemProxy */;
		};
/* End PBXTargetDependency section */

/* Begin XCBuildConfiguration section */
		85D3E90F2D7ECCE500717BF2 /* Debug */ = {
			isa = XCBuildConfiguration;
			buildSettings = {
				BUILD_LIBRARY_FOR_DISTRIBUTION = YES;
				CLANG_ENABLE_MODULES = YES;
				CODE_SIGN_STYLE = Automatic;
				COMBINE_HIDPI_IMAGES = YES;
				CURRENT_PROJECT_VERSION = 1;
				DEFINES_MODULE = YES;
				DYLIB_COMPATIBILITY_VERSION = 1;
				DYLIB_CURRENT_VERSION = 1;
				DYLIB_INSTALL_NAME_BASE = "@rpath";
				ENABLE_MODULE_VERIFIER = YES;
				GENERATE_INFOPLIST_FILE = YES;
				INFOPLIST_KEY_NSHumanReadableCopyright = "";
				INSTALL_PATH = "$(LOCAL_LIBRARY_DIR)/Frameworks";
				LD_RUNPATH_SEARCH_PATHS = (
					"$(inherited)",
					"@executable_path/../Frameworks",
					"@loader_path/Frameworks",
				);
				MACOSX_DEPLOYMENT_TARGET = 14.6;
				MARKETING_VERSION = 1.0;
				MODULE_VERIFIER_SUPPORTED_LANGUAGES = "objective-c objective-c++";
				MODULE_VERIFIER_SUPPORTED_LANGUAGE_STANDARDS = "gnu17 gnu++20";
				PRODUCT_BUNDLE_IDENTIFIER = com.yaremenko.denis.EFMa;
				PRODUCT_NAME = "$(TARGET_NAME:c99extidentifier)";
				SKIP_INSTALL = YES;
				SUPPORTED_PLATFORMS = "macosx iphonesimulator iphoneos";
				SWIFT_EMIT_LOC_STRINGS = YES;
				SWIFT_INSTALL_OBJC_HEADER = NO;
				SWIFT_OPTIMIZATION_LEVEL = "-Onone";
				SWIFT_VERSION = 5.0;
			};
			name = Debug;
		};
		85D3E9102D7ECCE500717BF2 /* Release */ = {
			isa = XCBuildConfiguration;
			buildSettings = {
				BUILD_LIBRARY_FOR_DISTRIBUTION = YES;
				CLANG_ENABLE_MODULES = YES;
				CODE_SIGN_STYLE = Automatic;
				COMBINE_HIDPI_IMAGES = YES;
				CURRENT_PROJECT_VERSION = 1;
				DEFINES_MODULE = YES;
				DYLIB_COMPATIBILITY_VERSION = 1;
				DYLIB_CURRENT_VERSION = 1;
				DYLIB_INSTALL_NAME_BASE = "@rpath";
				ENABLE_MODULE_VERIFIER = YES;
				GENERATE_INFOPLIST_FILE = YES;
				INFOPLIST_KEY_NSHumanReadableCopyright = "";
				INSTALL_PATH = "$(LOCAL_LIBRARY_DIR)/Frameworks";
				LD_RUNPATH_SEARCH_PATHS = (
					"$(inherited)",
					"@executable_path/../Frameworks",
					"@loader_path/Frameworks",
				);
				MACOSX_DEPLOYMENT_TARGET = 14.6;
				MARKETING_VERSION = 1.0;
				MODULE_VERIFIER_SUPPORTED_LANGUAGES = "objective-c objective-c++";
				MODULE_VERIFIER_SUPPORTED_LANGUAGE_STANDARDS = "gnu17 gnu++20";
				PRODUCT_BUNDLE_IDENTIFIER = com.yaremenko.denis.EFMa;
				PRODUCT_NAME = "$(TARGET_NAME:c99extidentifier)";
				SKIP_INSTALL = YES;
				SUPPORTED_PLATFORMS = "macosx iphonesimulator iphoneos";
				SWIFT_EMIT_LOC_STRINGS = YES;
				SWIFT_INSTALL_OBJC_HEADER = NO;
				SWIFT_VERSION = 5.0;
			};
			name = Release;
		};
		85D3E9112D7ECCE500717BF2 /* Debug */ = {
			isa = XCBuildConfiguration;
			buildSettings = {
				ALWAYS_SEARCH_USER_PATHS = NO;
				ASSETCATALOG_COMPILER_GENERATE_SWIFT_ASSET_SYMBOL_EXTENSIONS = YES;
				CLANG_ANALYZER_LOCALIZABILITY_NONLOCALIZED = YES;
				CLANG_ANALYZER_NONNULL = YES;
				CLANG_ANALYZER_NUMBER_OBJECT_CONVERSION = YES_AGGRESSIVE;
				CLANG_CXX_LANGUAGE_STANDARD = "gnu++20";
				CLANG_ENABLE_MODULES = YES;
				CLANG_ENABLE_OBJC_ARC = YES;
				CLANG_ENABLE_OBJC_WEAK = YES;
				CLANG_WARN_BLOCK_CAPTURE_AUTORELEASING = YES;
				CLANG_WARN_BOOL_CONVERSION = YES;
				CLANG_WARN_COMMA = YES;
				CLANG_WARN_CONSTANT_CONVERSION = YES;
				CLANG_WARN_DEPRECATED_OBJC_IMPLEMENTATIONS = YES;
				CLANG_WARN_DIRECT_OBJC_ISA_USAGE = YES_ERROR;
				CLANG_WARN_DOCUMENTATION_COMMENTS = YES;
				CLANG_WARN_EMPTY_BODY = YES;
				CLANG_WARN_ENUM_CONVERSION = YES;
				CLANG_WARN_INFINITE_RECURSION = YES;
				CLANG_WARN_INT_CONVERSION = YES;
				CLANG_WARN_NON_LITERAL_NULL_CONVERSION = YES;
				CLANG_WARN_OBJC_IMPLICIT_RETAIN_SELF = YES;
				CLANG_WARN_OBJC_LITERAL_CONVERSION = YES;
				CLANG_WARN_OBJC_ROOT_CLASS = YES_ERROR;
				CLANG_WARN_QUOTED_INCLUDE_IN_FRAMEWORK_HEADER = YES;
				CLANG_WARN_RANGE_LOOP_ANALYSIS = YES;
				CLANG_WARN_STRICT_PROTOTYPES = YES;
				CLANG_WARN_SUSPICIOUS_MOVE = YES;
				CLANG_WARN_UNGUARDED_AVAILABILITY = YES_AGGRESSIVE;
				CLANG_WARN_UNREACHABLE_CODE = YES;
				CLANG_WARN__DUPLICATE_METHOD_MATCH = YES;
				COPY_PHASE_STRIP = NO;
				CURRENT_PROJECT_VERSION = 1;
				DEBUG_INFORMATION_FORMAT = dwarf;
				ENABLE_STRICT_OBJC_MSGSEND = YES;
				ENABLE_TESTABILITY = YES;
				ENABLE_USER_SCRIPT_SANDBOXING = YES;
				GCC_C_LANGUAGE_STANDARD = gnu17;
				GCC_DYNAMIC_NO_PIC = NO;
				GCC_NO_COMMON_BLOCKS = YES;
				GCC_OPTIMIZATION_LEVEL = 0;
				GCC_PREPROCESSOR_DEFINITIONS = (
					"DEBUG=1",
					"$(inherited)",
				);
				GCC_WARN_64_TO_32_BIT_CONVERSION = YES;
				GCC_WARN_ABOUT_RETURN_TYPE = YES_ERROR;
				GCC_WARN_UNDECLARED_SELECTOR = YES;
				GCC_WARN_UNINITIALIZED_AUTOS = YES_AGGRESSIVE;
				GCC_WARN_UNUSED_FUNCTION = YES;
				GCC_WARN_UNUSED_VARIABLE = YES;
				LOCALIZATION_PREFERS_STRING_CATALOGS = YES;
				MACOSX_DEPLOYMENT_TARGET = 14.6;
				MTL_ENABLE_DEBUG_INFO = INCLUDE_SOURCE;
				MTL_FAST_MATH = YES;
				ONLY_ACTIVE_ARCH = YES;
				SDKROOT = macosx;
				SWIFT_ACTIVE_COMPILATION_CONDITIONS = "DEBUG $(inherited)";
				SWIFT_EMIT_LOC_STRINGS = YES;
				SWIFT_OPTIMIZATION_LEVEL = "-Onone";
				VERSIONING_SYSTEM = "apple-generic";
				VERSION_INFO_PREFIX = "";
			};
			name = Debug;
		};
		85D3E9122D7ECCE500717BF2 /* Release */ = {
			isa = XCBuildConfiguration;
			buildSettings = {
				ALWAYS_SEARCH_USER_PATHS = NO;
				ASSETCATALOG_COMPILER_GENERATE_SWIFT_ASSET_SYMBOL_EXTENSIONS = YES;
				CLANG_ANALYZER_LOCALIZABILITY_NONLOCALIZED = YES;
				CLANG_ANALYZER_NONNULL = YES;
				CLANG_ANALYZER_NUMBER_OBJECT_CONVERSION = YES_AGGRESSIVE;
				CLANG_CXX_LANGUAGE_STANDARD = "gnu++20";
				CLANG_ENABLE_MODULES = YES;
				CLANG_ENABLE_OBJC_ARC = YES;
				CLANG_ENABLE_OBJC_WEAK = YES;
				CLANG_WARN_BLOCK_CAPTURE_AUTORELEASING = YES;
				CLANG_WARN_BOOL_CONVERSION = YES;
				CLANG_WARN_COMMA = YES;
				CLANG_WARN_CONSTANT_CONVERSION = YES;
				CLANG_WARN_DEPRECATED_OBJC_IMPLEMENTATIONS = YES;
				CLANG_WARN_DIRECT_OBJC_ISA_USAGE = YES_ERROR;
				CLANG_WARN_DOCUMENTATION_COMMENTS = YES;
				CLANG_WARN_EMPTY_BODY = YES;
				CLANG_WARN_ENUM_CONVERSION = YES;
				CLANG_WARN_INFINITE_RECURSION = YES;
				CLANG_WARN_INT_CONVERSION = YES;
				CLANG_WARN_NON_LITERAL_NULL_CONVERSION = YES;
				CLANG_WARN_OBJC_IMPLICIT_RETAIN_SELF = YES;
				CLANG_WARN_OBJC_LITERAL_CONVERSION = YES;
				CLANG_WARN_OBJC_ROOT_CLASS = YES_ERROR;
				CLANG_WARN_QUOTED_INCLUDE_IN_FRAMEWORK_HEADER = YES;
				CLANG_WARN_RANGE_LOOP_ANALYSIS = YES;
				CLANG_WARN_STRICT_PROTOTYPES = YES;
				CLANG_WARN_SUSPICIOUS_MOVE = YES;
				CLANG_WARN_UNGUARDED_AVAILABILITY = YES_AGGRESSIVE;
				CLANG_WARN_UNREACHABLE_CODE = YES;
				CLANG_WARN__DUPLICATE_METHOD_MATCH = YES;
				COPY_PHASE_STRIP = NO;
				CURRENT_PROJECT_VERSION = 1;
				DEBUG_INFORMATION_FORMAT = "dwarf-with-dsym";
				ENABLE_NS_ASSERTIONS = NO;
				ENABLE_STRICT_OBJC_MSGSEND = YES;
				ENABLE_USER_SCRIPT_SANDBOXING = YES;
				GCC_C_LANGUAGE_STANDARD = gnu17;
				GCC_NO_COMMON_BLOCKS = YES;
				GCC_WARN_64_TO_32_BIT_CONVERSION = YES;
				GCC_WARN_ABOUT_RETURN_TYPE = YES_ERROR;
				GCC_WARN_UNDECLARED_SELECTOR = YES;
				GCC_WARN_UNINITIALIZED_AUTOS = YES_AGGRESSIVE;
				GCC_WARN_UNUSED_FUNCTION = YES;
				GCC_WARN_UNUSED_VARIABLE = YES;
				LOCALIZATION_PREFERS_STRING_CATALOGS = YES;
				MACOSX_DEPLOYMENT_TARGET = 14.6;
				MTL_ENABLE_DEBUG_INFO = NO;
				MTL_FAST_MATH = YES;
				SDKROOT = macosx;
				SWIFT_COMPILATION_MODE = wholemodule;
				SWIFT_EMIT_LOC_STRINGS = YES;
				VERSIONING_SYSTEM = "apple-generic";
				VERSION_INFO_PREFIX = "";
			};
			name = Release;
		};
		85D3E9142D7ECCE500717BF2 /* Debug */ = {
			isa = XCBuildConfiguration;
			buildSettings = {
				CLANG_ENABLE_MODULES = YES;
				CODE_SIGN_STYLE = Automatic;
				CURRENT_PROJECT_VERSION = 1;
				GENERATE_INFOPLIST_FILE = YES;
				MARKETING_VERSION = 1.0;
				PRODUCT_BUNDLE_IDENTIFIER = com.yaremenko.denis.EFMTests;
				PRODUCT_NAME = "$(TARGET_NAME)";
				SUPPORTED_PLATFORMS = "macosx iphoneos iphonesimulator";
				SWIFT_EMIT_LOC_STRINGS = NO;
				SWIFT_OPTIMIZATION_LEVEL = "-Onone";
				SWIFT_VERSION = 5.0;
			};
			name = Debug;
		};
		85D3E9152D7ECCE500717BF2 /* Release */ = {
			isa = XCBuildConfiguration;
			buildSettings = {
				CLANG_ENABLE_MODULES = YES;
				CODE_SIGN_STYLE = Automatic;
				CURRENT_PROJECT_VERSION = 1;
				GENERATE_INFOPLIST_FILE = YES;
				MARKETING_VERSION = 1.0;
				PRODUCT_BUNDLE_IDENTIFIER = com.yaremenko.denis.EFMTests;
				PRODUCT_NAME = "$(TARGET_NAME)";
				SUPPORTED_PLATFORMS = "macosx iphoneos iphonesimulator";
				SWIFT_EMIT_LOC_STRINGS = NO;
				SWIFT_VERSION = 5.0;
			};
			name = Release;
		};
		85D3E9E02D7EFAD400717BF2 /* Debug */ = {
			isa = XCBuildConfiguration;
			buildSettings = {
				BUILD_LIBRARY_FOR_DISTRIBUTION = YES;
				CLANG_ENABLE_MODULES = YES;
				CODE_SIGN_STYLE = Automatic;
				CURRENT_PROJECT_VERSION = 1;
				DEFINES_MODULE = YES;
				DYLIB_COMPATIBILITY_VERSION = 1;
				DYLIB_CURRENT_VERSION = 1;
				DYLIB_INSTALL_NAME_BASE = "@rpath";
				ENABLE_MODULE_VERIFIER = YES;
				GENERATE_INFOPLIST_FILE = YES;
				INFOPLIST_KEY_NSHumanReadableCopyright = "";
				INSTALL_PATH = "$(LOCAL_LIBRARY_DIR)/Frameworks";
				IPHONEOS_DEPLOYMENT_TARGET = 18.2;
				LD_RUNPATH_SEARCH_PATHS = (
					"$(inherited)",
					"@executable_path/Frameworks",
					"@loader_path/Frameworks",
				);
				MARKETING_VERSION = 1.0;
				MODULE_VERIFIER_SUPPORTED_LANGUAGES = "objective-c objective-c++";
				MODULE_VERIFIER_SUPPORTED_LANGUAGE_STANDARDS = "gnu17 gnu++20";
				PRODUCT_BUNDLE_IDENTIFIER = com.yaremenko.denis.EFMiOS;
				PRODUCT_NAME = "$(TARGET_NAME:c99extidentifier)";
				SDKROOT = iphoneos;
				SKIP_INSTALL = YES;
				SWIFT_EMIT_LOC_STRINGS = YES;
				SWIFT_INSTALL_OBJC_HEADER = NO;
				SWIFT_OPTIMIZATION_LEVEL = "-Onone";
				SWIFT_VERSION = 5.0;
				TARGETED_DEVICE_FAMILY = "1,2";
			};
			name = Debug;
		};
		85D3E9E12D7EFAD400717BF2 /* Release */ = {
			isa = XCBuildConfiguration;
			buildSettings = {
				BUILD_LIBRARY_FOR_DISTRIBUTION = YES;
				CLANG_ENABLE_MODULES = YES;
				CODE_SIGN_STYLE = Automatic;
				CURRENT_PROJECT_VERSION = 1;
				DEFINES_MODULE = YES;
				DYLIB_COMPATIBILITY_VERSION = 1;
				DYLIB_CURRENT_VERSION = 1;
				DYLIB_INSTALL_NAME_BASE = "@rpath";
				ENABLE_MODULE_VERIFIER = YES;
				GENERATE_INFOPLIST_FILE = YES;
				INFOPLIST_KEY_NSHumanReadableCopyright = "";
				INSTALL_PATH = "$(LOCAL_LIBRARY_DIR)/Frameworks";
				IPHONEOS_DEPLOYMENT_TARGET = 18.2;
				LD_RUNPATH_SEARCH_PATHS = (
					"$(inherited)",
					"@executable_path/Frameworks",
					"@loader_path/Frameworks",
				);
				MARKETING_VERSION = 1.0;
				MODULE_VERIFIER_SUPPORTED_LANGUAGES = "objective-c objective-c++";
				MODULE_VERIFIER_SUPPORTED_LANGUAGE_STANDARDS = "gnu17 gnu++20";
				PRODUCT_BUNDLE_IDENTIFIER = com.yaremenko.denis.EFMiOS;
				PRODUCT_NAME = "$(TARGET_NAME:c99extidentifier)";
				SDKROOT = iphoneos;
				SKIP_INSTALL = YES;
				SWIFT_EMIT_LOC_STRINGS = YES;
				SWIFT_INSTALL_OBJC_HEADER = NO;
				SWIFT_VERSION = 5.0;
				TARGETED_DEVICE_FAMILY = "1,2";
				VALIDATE_PRODUCT = YES;
			};
			name = Release;
		};
		85D3E9E32D7EFAD400717BF2 /* Debug */ = {
			isa = XCBuildConfiguration;
			buildSettings = {
				CLANG_ENABLE_MODULES = YES;
				CODE_SIGN_STYLE = Automatic;
				CURRENT_PROJECT_VERSION = 1;
				GENERATE_INFOPLIST_FILE = YES;
				IPHONEOS_DEPLOYMENT_TARGET = 18.2;
				MARKETING_VERSION = 1.0;
				PRODUCT_BUNDLE_IDENTIFIER = com.yaremenko.denis.EFMiOSTests;
				PRODUCT_NAME = "$(TARGET_NAME)";
				SDKROOT = iphoneos;
				SWIFT_EMIT_LOC_STRINGS = NO;
				SWIFT_OPTIMIZATION_LEVEL = "-Onone";
				SWIFT_VERSION = 5.0;
				TARGETED_DEVICE_FAMILY = "1,2";
			};
			name = Debug;
		};
		85D3E9E42D7EFAD400717BF2 /* Release */ = {
			isa = XCBuildConfiguration;
			buildSettings = {
				CLANG_ENABLE_MODULES = YES;
				CODE_SIGN_STYLE = Automatic;
				CURRENT_PROJECT_VERSION = 1;
				GENERATE_INFOPLIST_FILE = YES;
				IPHONEOS_DEPLOYMENT_TARGET = 18.2;
				MARKETING_VERSION = 1.0;
				PRODUCT_BUNDLE_IDENTIFIER = com.yaremenko.denis.EFMiOSTests;
				PRODUCT_NAME = "$(TARGET_NAME)";
				SDKROOT = iphoneos;
				SWIFT_EMIT_LOC_STRINGS = NO;
				SWIFT_VERSION = 5.0;
				TARGETED_DEVICE_FAMILY = "1,2";
				VALIDATE_PRODUCT = YES;
			};
			name = Release;
		};
/* End XCBuildConfiguration section */

/* Begin XCConfigurationList section */
		85D3E8F72D7ECCE500717BF2 /* Build configuration list for PBXProject "EFM" */ = {
			isa = XCConfigurationList;
			buildConfigurations = (
				85D3E9112D7ECCE500717BF2 /* Debug */,
				85D3E9122D7ECCE500717BF2 /* Release */,
			);
			defaultConfigurationIsVisible = 0;
			defaultConfigurationName = Release;
		};
		85D3E90E2D7ECCE500717BF2 /* Build configuration list for PBXNativeTarget "EFM" */ = {
			isa = XCConfigurationList;
			buildConfigurations = (
				85D3E90F2D7ECCE500717BF2 /* Debug */,
				85D3E9102D7ECCE500717BF2 /* Release */,
			);
			defaultConfigurationIsVisible = 0;
			defaultConfigurationName = Release;
		};
		85D3E9132D7ECCE500717BF2 /* Build configuration list for PBXNativeTarget "EFMTests" */ = {
			isa = XCConfigurationList;
			buildConfigurations = (
				85D3E9142D7ECCE500717BF2 /* Debug */,
				85D3E9152D7ECCE500717BF2 /* Release */,
			);
			defaultConfigurationIsVisible = 0;
			defaultConfigurationName = Release;
		};
		85D3E9DF2D7EFAD400717BF2 /* Build configuration list for PBXNativeTarget "EFMiOS" */ = {
			isa = XCConfigurationList;
			buildConfigurations = (
				85D3E9E02D7EFAD400717BF2 /* Debug */,
				85D3E9E12D7EFAD400717BF2 /* Release */,
			);
			defaultConfigurationIsVisible = 0;
			defaultConfigurationName = Release;
		};
		85D3E9E22D7EFAD400717BF2 /* Build configuration list for PBXNativeTarget "EFMiOSTests" */ = {
			isa = XCConfigurationList;
			buildConfigurations = (
				85D3E9E32D7EFAD400717BF2 /* Debug */,
				85D3E9E42D7EFAD400717BF2 /* Release */,
			);
			defaultConfigurationIsVisible = 0;
			defaultConfigurationName = Release;
		};
/* End XCConfigurationList section */
	};
	rootObject = 85D3E8F42D7ECCE500717BF2 /* Project object */;
}
